
Microsoft Visual Studio Solution File, Format Version 12.00
# Visual Studio Version 17
VisualStudioVersion = 17.11.35222.181
MinimumVisualStudioVersion = 10.0.40219.1
Project("{9A19103F-16F7-4668-BE54-9A1E7A4F7556}") = "Rendu1", "Rendu1.csproj", "{D215B308-6369-403D-95DE-5D94EE83453E}"
EndProject
Project("{FAE04EC0-301F-11D3-BF4B-00C04F79EFBC}") = "LivinParisTest", "..\LivinParisTest\LivinParisTest.csproj", "{B00FB30E-C452-470C-AACA-9FD2163331A0}"
EndProject
Global
	GlobalSection(SolutionConfigurationPlatforms) = preSolution
		Debug|Any CPU = Debug|Any CPU
		Release|Any CPU = Release|Any CPU
	EndGlobalSection
	GlobalSection(ProjectConfigurationPlatforms) = postSolution
		{D215B308-6369-403D-95DE-5D94EE83453E}.Debug|Any CPU.ActiveCfg = Debug|Any CPU
		{D215B308-6369-403D-95DE-5D94EE83453E}.Debug|Any CPU.Build.0 = Debug|Any CPU
		{D215B308-6369-403D-95DE-5D94EE83453E}.Release|Any CPU.ActiveCfg = Release|Any CPU
		{D215B308-6369-403D-95DE-5D94EE83453E}.Release|Any CPU.Build.0 = Release|Any CPU
		{B00FB30E-C452-470C-AACA-9FD2163331A0}.Debug|Any CPU.ActiveCfg = Debug|Any CPU
		{B00FB30E-C452-470C-AACA-9FD2163331A0}.Debug|Any CPU.Build.0 = Debug|Any CPU
		{B00FB30E-C452-470C-AACA-9FD2163331A0}.Release|Any CPU.ActiveCfg = Release|Any CPU
		{B00FB30E-C452-470C-AACA-9FD2163331A0}.Release|Any CPU.Build.0 = Release|Any CPU
	EndGlobalSection
	GlobalSection(SolutionProperties) = preSolution
		HideSolutionNode = FALSE
	EndGlobalSection
	GlobalSection(ExtensibilityGlobals) = postSolution
		SolutionGuid = {C6817CB4-8FE7-4C3F-992F-63C6AA3327AE}
	EndGlobalSection
EndGlobal
